
Microsoft Visual Studio Solution File, Format Version 12.00
# Visual Studio Version 17
VisualStudioVersion = 17.0.32014.148
MinimumVisualStudioVersion = 10.0.40219.1
Project("{FAE04EC0-301F-11D3-BF4B-00C04F79EFBC}") = "VehicleProducts", "VehicleProducts\VehicleProducts.csproj", "{F2E2E55F-9D68-4484-B100-747D97F249FD}"
EndProject
Global
	GlobalSection(SolutionConfigurationPlatforms) = preSolution
		Debug|Any CPU = Debug|Any CPU
		Release|Any CPU = Release|Any CPU
	EndGlobalSection
	GlobalSection(ProjectConfigurationPlatforms) = postSolution
		{F2E2E55F-9D68-4484-B100-747D97F249FD}.Debug|Any CPU.ActiveCfg = Debug|Any CPU
		{F2E2E55F-9D68-4484-B100-747D97F249FD}.Debug|Any CPU.Build.0 = Debug|Any CPU
		{F2E2E55F-9D68-4484-B100-747D97F249FD}.Release|Any CPU.ActiveCfg = Release|Any CPU
		{F2E2E55F-9D68-4484-B100-747D97F249FD}.Release|Any CPU.Build.0 = Release|Any CPU
	EndGlobalSection
	GlobalSection(SolutionProperties) = preSolution
		HideSolutionNode = FALSE
	EndGlobalSection
	GlobalSection(ExtensibilityGlobals) = postSolution
		SolutionGuid = {BCE1D535-5393-4E6B-872D-56C17CD0388F}
	EndGlobalSection
EndGlobal
